
Microsoft Visual Studio Solution File, Format Version 12.00
# Visual Studio 2012
Project("{8BC9CEB8-8B4A-11D0-8D11-00A0C91BC942}") = "test-ovr", "test-ovr.vcxproj", "{347A992A-2C87-44D7-8897-8B325F86C0D2}"
EndProject
Project("{8BC9CEB8-8B4A-11D0-8D11-00A0C91BC942}") = "framework", "..\..\framework.vcxproj", "{6D779109-842E-4C23-A10D-2345FFCCEA60}"
EndProject
Project("{8BC9CEB8-8B4A-11D0-8D11-00A0C91BC942}") = "util", "..\..\..\reed-util\util.vcxproj", "{059ADADD-603C-4508-B2C6-8B0BA87BA4C9}"
EndProject
Global
	GlobalSection(SolutionConfigurationPlatforms) = preSolution
		Debug|x64 = Debug|x64
		Release|x64 = Release|x64
	EndGlobalSection
	GlobalSection(ProjectConfigurationPlatforms) = postSolution
		{347A992A-2C87-44D7-8897-8B325F86C0D2}.Debug|x64.ActiveCfg = Debug|x64
		{347A992A-2C87-44D7-8897-8B325F86C0D2}.Debug|x64.Build.0 = Debug|x64
		{347A992A-2C87-44D7-8897-8B325F86C0D2}.Release|x64.ActiveCfg = Release|x64
		{347A992A-2C87-44D7-8897-8B325F86C0D2}.Release|x64.Build.0 = Release|x64
		{6D779109-842E-4C23-A10D-2345FFCCEA60}.Debug|x64.ActiveCfg = Debug|x64
		{6D779109-842E-4C23-A10D-2345FFCCEA60}.Debug|x64.Build.0 = Debug|x64
		{6D779109-842E-4C23-A10D-2345FFCCEA60}.Release|x64.ActiveCfg = Release|x64
		{6D779109-842E-4C23-A10D-2345FFCCEA60}.Release|x64.Build.0 = Release|x64
		{059ADADD-603C-4508-B2C6-8B0BA87BA4C9}.Debug|x64.ActiveCfg = Debug|x64
		{059ADADD-603C-4508-B2C6-8B0BA87BA4C9}.Debug|x64.Build.0 = Debug|x64
		{059ADADD-603C-4508-B2C6-8B0BA87BA4C9}.Release|x64.ActiveCfg = Release|x64
		{059ADADD-603C-4508-B2C6-8B0BA87BA4C9}.Release|x64.Build.0 = Release|x64
	EndGlobalSection
	GlobalSection(SolutionProperties) = preSolution
		HideSolutionNode = FALSE
	EndGlobalSection
EndGlobal
